
Microsoft Visual Studio Solution File, Format Version 12.00
# Visual Studio Version 17
VisualStudioVersion = 17.12.35707.178 d17.12
MinimumVisualStudioVersion = 10.0.40219.1
Project("{FAE04EC0-301F-11D3-BF4B-00C04F79EFBC}") = "MovieManagementApp", "MovieManagementApp\MovieManagementApp.csproj", "{C4A0EB49-F292-4584-A5FF-9B3A427CA272}"
EndProject
Project("{FAE04EC0-301F-11D3-BF4B-00C04F79EFBC}") = "MovieManagement.DAL", "MovieManagement.DAL\MovieManagement.DAL.csproj", "{3B23B444-8E83-4CFC-B7A3-AB437B0095ED}"
EndProject
Project("{FAE04EC0-301F-11D3-BF4B-00C04F79EFBC}") = "MovieManagement.BLL", "MovieManagement.BLL\MovieManagement.BLL.csproj", "{607FCEFF-67AA-4BF2-B82C-D137DF0F11D0}"
EndProject
Project("{FAE04EC0-301F-11D3-BF4B-00C04F79EFBC}") = "MovieManagement.Models", "MovieManagement.Models\MovieManagement.Models.csproj", "{40DED947-E4C1-4155-BC4D-6A39D13FED2F}"
EndProject
Global
	GlobalSection(SolutionConfigurationPlatforms) = preSolution
		Debug|Any CPU = Debug|Any CPU
		Release|Any CPU = Release|Any CPU
	EndGlobalSection
	GlobalSection(ProjectConfigurationPlatforms) = postSolution
		{C4A0EB49-F292-4584-A5FF-9B3A427CA272}.Debug|Any CPU.ActiveCfg = Debug|Any CPU
		{C4A0EB49-F292-4584-A5FF-9B3A427CA272}.Debug|Any CPU.Build.0 = Debug|Any CPU
		{C4A0EB49-F292-4584-A5FF-9B3A427CA272}.Release|Any CPU.ActiveCfg = Release|Any CPU
		{C4A0EB49-F292-4584-A5FF-9B3A427CA272}.Release|Any CPU.Build.0 = Release|Any CPU
		{3B23B444-8E83-4CFC-B7A3-AB437B0095ED}.Debug|Any CPU.ActiveCfg = Debug|Any CPU
		{3B23B444-8E83-4CFC-B7A3-AB437B0095ED}.Debug|Any CPU.Build.0 = Debug|Any CPU
		{3B23B444-8E83-4CFC-B7A3-AB437B0095ED}.Release|Any CPU.ActiveCfg = Release|Any CPU
		{3B23B444-8E83-4CFC-B7A3-AB437B0095ED}.Release|Any CPU.Build.0 = Release|Any CPU
		{607FCEFF-67AA-4BF2-B82C-D137DF0F11D0}.Debug|Any CPU.ActiveCfg = Debug|Any CPU
		{607FCEFF-67AA-4BF2-B82C-D137DF0F11D0}.Debug|Any CPU.Build.0 = Debug|Any CPU
		{607FCEFF-67AA-4BF2-B82C-D137DF0F11D0}.Release|Any CPU.ActiveCfg = Release|Any CPU
		{607FCEFF-67AA-4BF2-B82C-D137DF0F11D0}.Release|Any CPU.Build.0 = Release|Any CPU
		{40DED947-E4C1-4155-BC4D-6A39D13FED2F}.Debug|Any CPU.ActiveCfg = Debug|Any CPU
		{40DED947-E4C1-4155-BC4D-6A39D13FED2F}.Debug|Any CPU.Build.0 = Debug|Any CPU
		{40DED947-E4C1-4155-BC4D-6A39D13FED2F}.Release|Any CPU.ActiveCfg = Release|Any CPU
		{40DED947-E4C1-4155-BC4D-6A39D13FED2F}.Release|Any CPU.Build.0 = Release|Any CPU
	EndGlobalSection
	GlobalSection(SolutionProperties) = preSolution
		HideSolutionNode = FALSE
	EndGlobalSection
EndGlobal
